
Microsoft Visual Studio Solution File, Format Version 12.00
# Visual Studio Version 17
VisualStudioVersion = 17.8.34511.84
MinimumVisualStudioVersion = 10.0.40219.1
Project("{FAE04EC0-301F-11D3-BF4B-00C04F79EFBC}") = "Calculator01", "Calculator01\Calculator01.csproj", "{FFECBF15-70B1-4F90-A975-EA187A310E9F}"
EndProject
Project("{FAE04EC0-301F-11D3-BF4B-00C04F79EFBC}") = "Calculator02", "Calculator02\Calculator02.csproj", "{B031317B-CA3D-43FF-9691-7576C1ABD2B2}"
EndProject
Project("{FAE04EC0-301F-11D3-BF4B-00C04F79EFBC}") = "Calculator03", "Calculator03\Calculator03.csproj", "{77D8A204-C27F-47E9-B51F-669FD523C71B}"
EndProject
Project("{FAE04EC0-301F-11D3-BF4B-00C04F79EFBC}") = "Calculator04", "Calculator04\Calculator04.csproj", "{FF3B8901-B1FE-434C-8C97-2F9BFD3FF82B}"
EndProject
Project("{FAE04EC0-301F-11D3-BF4B-00C04F79EFBC}") = "Calculator05", "Calculator05\Calculator05.csproj", "{D38F6D67-302D-4E05-B090-78E892BFACD1}"
EndProject
Global
	GlobalSection(SolutionConfigurationPlatforms) = preSolution
		Debug|Any CPU = Debug|Any CPU
		Release|Any CPU = Release|Any CPU
	EndGlobalSection
	GlobalSection(ProjectConfigurationPlatforms) = postSolution
		{FFECBF15-70B1-4F90-A975-EA187A310E9F}.Debug|Any CPU.ActiveCfg = Debug|Any CPU
		{FFECBF15-70B1-4F90-A975-EA187A310E9F}.Debug|Any CPU.Build.0 = Debug|Any CPU
		{FFECBF15-70B1-4F90-A975-EA187A310E9F}.Release|Any CPU.ActiveCfg = Release|Any CPU
		{FFECBF15-70B1-4F90-A975-EA187A310E9F}.Release|Any CPU.Build.0 = Release|Any CPU
		{B031317B-CA3D-43FF-9691-7576C1ABD2B2}.Debug|Any CPU.ActiveCfg = Debug|Any CPU
		{B031317B-CA3D-43FF-9691-7576C1ABD2B2}.Debug|Any CPU.Build.0 = Debug|Any CPU
		{B031317B-CA3D-43FF-9691-7576C1ABD2B2}.Release|Any CPU.ActiveCfg = Release|Any CPU
		{B031317B-CA3D-43FF-9691-7576C1ABD2B2}.Release|Any CPU.Build.0 = Release|Any CPU
		{77D8A204-C27F-47E9-B51F-669FD523C71B}.Debug|Any CPU.ActiveCfg = Debug|Any CPU
		{77D8A204-C27F-47E9-B51F-669FD523C71B}.Debug|Any CPU.Build.0 = Debug|Any CPU
		{77D8A204-C27F-47E9-B51F-669FD523C71B}.Release|Any CPU.ActiveCfg = Release|Any CPU
		{77D8A204-C27F-47E9-B51F-669FD523C71B}.Release|Any CPU.Build.0 = Release|Any CPU
		{FF3B8901-B1FE-434C-8C97-2F9BFD3FF82B}.Debug|Any CPU.ActiveCfg = Debug|Any CPU
		{FF3B8901-B1FE-434C-8C97-2F9BFD3FF82B}.Debug|Any CPU.Build.0 = Debug|Any CPU
		{FF3B8901-B1FE-434C-8C97-2F9BFD3FF82B}.Release|Any CPU.ActiveCfg = Release|Any CPU
		{FF3B8901-B1FE-434C-8C97-2F9BFD3FF82B}.Release|Any CPU.Build.0 = Release|Any CPU
		{D38F6D67-302D-4E05-B090-78E892BFACD1}.Debug|Any CPU.ActiveCfg = Debug|Any CPU
		{D38F6D67-302D-4E05-B090-78E892BFACD1}.Debug|Any CPU.Build.0 = Debug|Any CPU
		{D38F6D67-302D-4E05-B090-78E892BFACD1}.Release|Any CPU.ActiveCfg = Release|Any CPU
		{D38F6D67-302D-4E05-B090-78E892BFACD1}.Release|Any CPU.Build.0 = Release|Any CPU
	EndGlobalSection
	GlobalSection(SolutionProperties) = preSolution
		HideSolutionNode = FALSE
	EndGlobalSection
	GlobalSection(ExtensibilityGlobals) = postSolution
		SolutionGuid = {D262A4C0-8680-4C80-9BAF-86B791EB0183}
	EndGlobalSection
EndGlobal
